// !$*UTF8*$!
{
	archiveVersion = 1;
	classes = {
	};
	objectVersion = 56;
	objects = {

/* Begin PBXBuildFile section */
		D2132A032AD4331F00FB0634 /* AppDelegate.swift in Sources */ = {isa = PBXBuildFile; fileRef = D2132A022AD4331F00FB0634 /* AppDelegate.swift */; };
		D2132A052AD4331F00FB0634 /* SceneDelegate.swift in Sources */ = {isa = PBXBuildFile; fileRef = D2132A042AD4331F00FB0634 /* SceneDelegate.swift */; };
		D2132A072AD4331F00FB0634 /* MainViewController.swift in Sources */ = {isa = PBXBuildFile; fileRef = D2132A062AD4331F00FB0634 /* MainViewController.swift */; };
		D2132A0C2AD4332100FB0634 /* Assets.xcassets in Resources */ = {isa = PBXBuildFile; fileRef = D2132A0B2AD4332100FB0634 /* Assets.xcassets */; };
		D2132A0F2AD4332100FB0634 /* LaunchScreen.storyboard in Resources */ = {isa = PBXBuildFile; fileRef = D2132A0D2AD4332100FB0634 /* LaunchScreen.storyboard */; };
		D2132A1C2AD436D500FB0634 /* .swiftlint.yml in Resources */ = {isa = PBXBuildFile; fileRef = D2132A1B2AD436D500FB0634 /* .swiftlint.yml */; };
		D23DF5152ADF81EA00E148C0 /* Gifu in Frameworks */ = {isa = PBXBuildFile; productRef = D23DF5142ADF81EA00E148C0 /* Gifu */; };
		D23DF51D2ADF82F600E148C0 /* BasicTranslateView.swift in Sources */ = {isa = PBXBuildFile; fileRef = D23DF5162ADF82F600E148C0 /* BasicTranslateView.swift */; };
		D23DF51F2ADF82F600E148C0 /* LanguageChangeButtonView.swift in Sources */ = {isa = PBXBuildFile; fileRef = D23DF5182ADF82F600E148C0 /* LanguageChangeButtonView.swift */; };
		D23DF5202ADF82F600E148C0 /* LoadingView.swift in Sources */ = {isa = PBXBuildFile; fileRef = D23DF5192ADF82F600E148C0 /* LoadingView.swift */; };
		D23DF5212ADF82F600E148C0 /* PaddingLabel.swift in Sources */ = {isa = PBXBuildFile; fileRef = D23DF51B2ADF82F600E148C0 /* PaddingLabel.swift */; };
		D23DF5222ADF82F600E148C0 /* MainView.swift in Sources */ = {isa = PBXBuildFile; fileRef = D23DF51C2ADF82F600E148C0 /* MainView.swift */; };
		D23DF5252ADF82FC00E148C0 /* AlertControllerShowable.swift in Sources */ = {isa = PBXBuildFile; fileRef = D23DF5242ADF82FC00E148C0 /* AlertControllerShowable.swift */; };
/* End PBXBuildFile section */

/* Begin PBXFileReference section */
		D21329FF2AD4331F00FB0634 /* ReadForU.app */ = {isa = PBXFileReference; explicitFileType = wrapper.application; includeInIndex = 0; path = ReadForU.app; sourceTree = BUILT_PRODUCTS_DIR; };
		D2132A022AD4331F00FB0634 /* AppDelegate.swift */ = {isa = PBXFileReference; lastKnownFileType = sourcecode.swift; path = AppDelegate.swift; sourceTree = "<group>"; };
		D2132A042AD4331F00FB0634 /* SceneDelegate.swift */ = {isa = PBXFileReference; lastKnownFileType = sourcecode.swift; path = SceneDelegate.swift; sourceTree = "<group>"; };
		D2132A062AD4331F00FB0634 /* MainViewController.swift */ = {isa = PBXFileReference; lastKnownFileType = sourcecode.swift; path = MainViewController.swift; sourceTree = "<group>"; };
		D2132A0B2AD4332100FB0634 /* Assets.xcassets */ = {isa = PBXFileReference; lastKnownFileType = folder.assetcatalog; path = Assets.xcassets; sourceTree = "<group>"; };
		D2132A0E2AD4332100FB0634 /* Base */ = {isa = PBXFileReference; lastKnownFileType = file.storyboard; name = Base; path = Base.lproj/LaunchScreen.storyboard; sourceTree = "<group>"; };
		D2132A102AD4332100FB0634 /* Info.plist */ = {isa = PBXFileReference; lastKnownFileType = text.plist.xml; path = Info.plist; sourceTree = "<group>"; };
		D2132A1B2AD436D500FB0634 /* .swiftlint.yml */ = {isa = PBXFileReference; lastKnownFileType = text.yaml; path = .swiftlint.yml; sourceTree = "<group>"; };
		D23DF5162ADF82F600E148C0 /* BasicTranslateView.swift */ = {isa = PBXFileReference; fileEncoding = 4; lastKnownFileType = sourcecode.swift; path = BasicTranslateView.swift; sourceTree = "<group>"; };
		D23DF5182ADF82F600E148C0 /* LanguageChangeButtonView.swift */ = {isa = PBXFileReference; fileEncoding = 4; lastKnownFileType = sourcecode.swift; path = LanguageChangeButtonView.swift; sourceTree = "<group>"; };
		D23DF5192ADF82F600E148C0 /* LoadingView.swift */ = {isa = PBXFileReference; fileEncoding = 4; lastKnownFileType = sourcecode.swift; path = LoadingView.swift; sourceTree = "<group>"; };
		D23DF51B2ADF82F600E148C0 /* PaddingLabel.swift */ = {isa = PBXFileReference; fileEncoding = 4; lastKnownFileType = sourcecode.swift; path = PaddingLabel.swift; sourceTree = "<group>"; };
		D23DF51C2ADF82F600E148C0 /* MainView.swift */ = {isa = PBXFileReference; fileEncoding = 4; lastKnownFileType = sourcecode.swift; path = MainView.swift; sourceTree = "<group>"; };
		D23DF5242ADF82FC00E148C0 /* AlertControllerShowable.swift */ = {isa = PBXFileReference; fileEncoding = 4; lastKnownFileType = sourcecode.swift; path = AlertControllerShowable.swift; sourceTree = "<group>"; };
/* End PBXFileReference section */

/* Begin PBXFrameworksBuildPhase section */
		D21329FC2AD4331F00FB0634 /* Frameworks */ = {
			isa = PBXFrameworksBuildPhase;
			buildActionMask = 2147483647;
			files = (
				D23DF5152ADF81EA00E148C0 /* Gifu in Frameworks */,
			);
			runOnlyForDeploymentPostprocessing = 0;
		};
/* End PBXFrameworksBuildPhase section */

/* Begin PBXGroup section */
		D21329F62AD4331F00FB0634 = {
			isa = PBXGroup;
			children = (
				D2132A012AD4331F00FB0634 /* ReadForU */,
				D2132A002AD4331F00FB0634 /* Products */,
			);
			sourceTree = "<group>";
		};
		D2132A002AD4331F00FB0634 /* Products */ = {
			isa = PBXGroup;
			children = (
				D21329FF2AD4331F00FB0634 /* ReadForU.app */,
			);
			name = Products;
			sourceTree = "<group>";
		};
		D2132A012AD4331F00FB0634 /* ReadForU */ = {
			isa = PBXGroup;
			children = (
				D2132A1B2AD436D500FB0634 /* .swiftlint.yml */,
				D2132A162AD4332900FB0634 /* App */,
				D2132A182AD433BF00FB0634 /* Model */,
				D2132A192AD433D000FB0634 /* Controller */,
				D2132A172AD4333200FB0634 /* View */,
				D2132A102AD4332100FB0634 /* Info.plist */,
			);
			path = ReadForU;
			sourceTree = "<group>";
		};
		D2132A162AD4332900FB0634 /* App */ = {
			isa = PBXGroup;
			children = (
				D2132A022AD4331F00FB0634 /* AppDelegate.swift */,
				D2132A042AD4331F00FB0634 /* SceneDelegate.swift */,
			);
			path = App;
			sourceTree = "<group>";
		};
		D2132A172AD4333200FB0634 /* View */ = {
			isa = PBXGroup;
			children = (
				D23DF5232ADF82FC00E148C0 /* Protocol */,
				D23DF51A2ADF82F600E148C0 /* CustomView */,
				D23DF5162ADF82F600E148C0 /* BasicTranslateView.swift */,
				D23DF5182ADF82F600E148C0 /* LanguageChangeButtonView.swift */,
				D23DF5192ADF82F600E148C0 /* LoadingView.swift */,
				D23DF51C2ADF82F600E148C0 /* MainView.swift */,
				D2132A0D2AD4332100FB0634 /* LaunchScreen.storyboard */,
			);
			path = View;
			sourceTree = "<group>";
		};
		D2132A182AD433BF00FB0634 /* Model */ = {
			isa = PBXGroup;
			children = (
				D2132A0B2AD4332100FB0634 /* Assets.xcassets */,
			);
			path = Model;
			sourceTree = "<group>";
		};
		D2132A192AD433D000FB0634 /* Controller */ = {
			isa = PBXGroup;
			children = (
				D2132A062AD4331F00FB0634 /* MainViewController.swift */,
			);
			path = Controller;
			sourceTree = "<group>";
		};
		D23DF51A2ADF82F600E148C0 /* CustomView */ = {
			isa = PBXGroup;
			children = (
				D23DF51B2ADF82F600E148C0 /* PaddingLabel.swift */,
			);
			path = CustomView;
			sourceTree = "<group>";
		};
		D23DF5232ADF82FC00E148C0 /* Protocol */ = {
			isa = PBXGroup;
			children = (
				D23DF5242ADF82FC00E148C0 /* AlertControllerShowable.swift */,
			);
			path = Protocol;
			sourceTree = "<group>";
		};
/* End PBXGroup section */

/* Begin PBXNativeTarget section */
		D21329FE2AD4331F00FB0634 /* ReadForU */ = {
			isa = PBXNativeTarget;
			buildConfigurationList = D2132A132AD4332100FB0634 /* Build configuration list for PBXNativeTarget "ReadForU" */;
			buildPhases = (
				D2132A1A2AD434E100FB0634 /* ShellScript */,
				D21329FB2AD4331F00FB0634 /* Sources */,
				D21329FC2AD4331F00FB0634 /* Frameworks */,
				D21329FD2AD4331F00FB0634 /* Resources */,
			);
			buildRules = (
			);
			dependencies = (
			);
			name = ReadForU;
			packageProductDependencies = (
				D23DF5142ADF81EA00E148C0 /* Gifu */,
			);
			productName = ReadForU;
			productReference = D21329FF2AD4331F00FB0634 /* ReadForU.app */;
			productType = "com.apple.product-type.application";
		};
/* End PBXNativeTarget section */

/* Begin PBXProject section */
		D21329F72AD4331F00FB0634 /* Project object */ = {
			isa = PBXProject;
			attributes = {
				BuildIndependentTargetsInParallel = 1;
				LastSwiftUpdateCheck = 1500;
				LastUpgradeCheck = 1500;
				TargetAttributes = {
					D21329FE2AD4331F00FB0634 = {
						CreatedOnToolsVersion = 15.0;
					};
				};
			};
			buildConfigurationList = D21329FA2AD4331F00FB0634 /* Build configuration list for PBXProject "ReadForU" */;
			compatibilityVersion = "Xcode 14.0";
			developmentRegion = en;
			hasScannedForEncodings = 0;
			knownRegions = (
				en,
				Base,
			);
			mainGroup = D21329F62AD4331F00FB0634;
			packageReferences = (
				D23DF5132ADF81EA00E148C0 /* XCRemoteSwiftPackageReference "Gifu" */,
			);
			productRefGroup = D2132A002AD4331F00FB0634 /* Products */;
			projectDirPath = "";
			projectRoot = "";
			targets = (
				D21329FE2AD4331F00FB0634 /* ReadForU */,
			);
		};
/* End PBXProject section */

/* Begin PBXResourcesBuildPhase section */
		D21329FD2AD4331F00FB0634 /* Resources */ = {
			isa = PBXResourcesBuildPhase;
			buildActionMask = 2147483647;
			files = (
				D2132A1C2AD436D500FB0634 /* .swiftlint.yml in Resources */,
				D2132A0F2AD4332100FB0634 /* LaunchScreen.storyboard in Resources */,
				D2132A0C2AD4332100FB0634 /* Assets.xcassets in Resources */,
			);
			runOnlyForDeploymentPostprocessing = 0;
		};
/* End PBXResourcesBuildPhase section */

/* Begin PBXShellScriptBuildPhase section */
		D2132A1A2AD434E100FB0634 /* ShellScript */ = {
			isa = PBXShellScriptBuildPhase;
			alwaysOutOfDate = 1;
			buildActionMask = 2147483647;
			files = (
			);
			inputFileListPaths = (
			);
			inputPaths = (
			);
			outputFileListPaths = (
			);
			outputPaths = (
			);
			runOnlyForDeploymentPostprocessing = 0;
			shellPath = /bin/sh;
			shellScript = "export PATH=\"$PATH:/opt/homebrew/bin\"\nif which swiftlint > /dev/null; then\n  swiftlint\nelse\n  echo \"warning: SwiftLint not installed, download from https://github.com/realm/SwiftLint\"\nfi\n";
		};
/* End PBXShellScriptBuildPhase section */

/* Begin PBXSourcesBuildPhase section */
		D21329FB2AD4331F00FB0634 /* Sources */ = {
			isa = PBXSourcesBuildPhase;
			buildActionMask = 2147483647;
			files = (
				D23DF5222ADF82F600E148C0 /* MainView.swift in Sources */,
				D2132A072AD4331F00FB0634 /* MainViewController.swift in Sources */,
				D23DF51F2ADF82F600E148C0 /* LanguageChangeButtonView.swift in Sources */,
				D2132A032AD4331F00FB0634 /* AppDelegate.swift in Sources */,
				D23DF5252ADF82FC00E148C0 /* AlertControllerShowable.swift in Sources */,
				D23DF5212ADF82F600E148C0 /* PaddingLabel.swift in Sources */,
				D23DF51D2ADF82F600E148C0 /* BasicTranslateView.swift in Sources */,
				D23DF5202ADF82F600E148C0 /* LoadingView.swift in Sources */,
				D2132A052AD4331F00FB0634 /* SceneDelegate.swift in Sources */,
			);
			runOnlyForDeploymentPostprocessing = 0;
		};
/* End PBXSourcesBuildPhase section */

/* Begin PBXVariantGroup section */
		D2132A0D2AD4332100FB0634 /* LaunchScreen.storyboard */ = {
			isa = PBXVariantGroup;
			children = (
				D2132A0E2AD4332100FB0634 /* Base */,
			);
			name = LaunchScreen.storyboard;
			sourceTree = "<group>";
		};
/* End PBXVariantGroup section */

/* Begin XCBuildConfiguration section */
		D2132A112AD4332100FB0634 /* Debug */ = {
			isa = XCBuildConfiguration;
			buildSettings = {
				ALWAYS_SEARCH_USER_PATHS = NO;
				ASSETCATALOG_COMPILER_GENERATE_SWIFT_ASSET_SYMBOL_EXTENSIONS = YES;
				CLANG_ANALYZER_NONNULL = YES;
				CLANG_ANALYZER_NUMBER_OBJECT_CONVERSION = YES_AGGRESSIVE;
				CLANG_CXX_LANGUAGE_STANDARD = "gnu++20";
				CLANG_ENABLE_MODULES = YES;
				CLANG_ENABLE_OBJC_ARC = YES;
				CLANG_ENABLE_OBJC_WEAK = YES;
				CLANG_WARN_BLOCK_CAPTURE_AUTORELEASING = YES;
				CLANG_WARN_BOOL_CONVERSION = YES;
				CLANG_WARN_COMMA = YES;
				CLANG_WARN_CONSTANT_CONVERSION = YES;
				CLANG_WARN_DEPRECATED_OBJC_IMPLEMENTATIONS = YES;
				CLANG_WARN_DIRECT_OBJC_ISA_USAGE = YES_ERROR;
				CLANG_WARN_DOCUMENTATION_COMMENTS = YES;
				CLANG_WARN_EMPTY_BODY = YES;
				CLANG_WARN_ENUM_CONVERSION = YES;
				CLANG_WARN_INFINITE_RECURSION = YES;
				CLANG_WARN_INT_CONVERSION = YES;
				CLANG_WARN_NON_LITERAL_NULL_CONVERSION = YES;
				CLANG_WARN_OBJC_IMPLICIT_RETAIN_SELF = YES;
				CLANG_WARN_OBJC_LITERAL_CONVERSION = YES;
				CLANG_WARN_OBJC_ROOT_CLASS = YES_ERROR;
				CLANG_WARN_QUOTED_INCLUDE_IN_FRAMEWORK_HEADER = YES;
				CLANG_WARN_RANGE_LOOP_ANALYSIS = YES;
				CLANG_WARN_STRICT_PROTOTYPES = YES;
				CLANG_WARN_SUSPICIOUS_MOVE = YES;
				CLANG_WARN_UNGUARDED_AVAILABILITY = YES_AGGRESSIVE;
				CLANG_WARN_UNREACHABLE_CODE = YES;
				CLANG_WARN__DUPLICATE_METHOD_MATCH = YES;
				COPY_PHASE_STRIP = NO;
				DEBUG_INFORMATION_FORMAT = dwarf;
				ENABLE_STRICT_OBJC_MSGSEND = YES;
				ENABLE_TESTABILITY = YES;
				ENABLE_USER_SCRIPT_SANDBOXING = NO;
				GCC_C_LANGUAGE_STANDARD = gnu17;
				GCC_DYNAMIC_NO_PIC = NO;
				GCC_NO_COMMON_BLOCKS = YES;
				GCC_OPTIMIZATION_LEVEL = 0;
				GCC_PREPROCESSOR_DEFINITIONS = (
					"DEBUG=1",
					"$(inherited)",
				);
				GCC_WARN_64_TO_32_BIT_CONVERSION = YES;
				GCC_WARN_ABOUT_RETURN_TYPE = YES_ERROR;
				GCC_WARN_UNDECLARED_SELECTOR = YES;
				GCC_WARN_UNINITIALIZED_AUTOS = YES_AGGRESSIVE;
				GCC_WARN_UNUSED_FUNCTION = YES;
				GCC_WARN_UNUSED_VARIABLE = YES;
				IPHONEOS_DEPLOYMENT_TARGET = 17.0;
				LOCALIZATION_PREFERS_STRING_CATALOGS = YES;
				MTL_ENABLE_DEBUG_INFO = INCLUDE_SOURCE;
				MTL_FAST_MATH = YES;
				ONLY_ACTIVE_ARCH = YES;
				SDKROOT = iphoneos;
				SWIFT_ACTIVE_COMPILATION_CONDITIONS = "DEBUG $(inherited)";
				SWIFT_OPTIMIZATION_LEVEL = "-Onone";
			};
			name = Debug;
		};
		D2132A122AD4332100FB0634 /* Release */ = {
			isa = XCBuildConfiguration;
			buildSettings = {
				ALWAYS_SEARCH_USER_PATHS = NO;
				ASSETCATALOG_COMPILER_GENERATE_SWIFT_ASSET_SYMBOL_EXTENSIONS = YES;
				CLANG_ANALYZER_NONNULL = YES;
				CLANG_ANALYZER_NUMBER_OBJECT_CONVERSION = YES_AGGRESSIVE;
				CLANG_CXX_LANGUAGE_STANDARD = "gnu++20";
				CLANG_ENABLE_MODULES = YES;
				CLANG_ENABLE_OBJC_ARC = YES;
				CLANG_ENABLE_OBJC_WEAK = YES;
				CLANG_WARN_BLOCK_CAPTURE_AUTORELEASING = YES;
				CLANG_WARN_BOOL_CONVERSION = YES;
				CLANG_WARN_COMMA = YES;
				CLANG_WARN_CONSTANT_CONVERSION = YES;
				CLANG_WARN_DEPRECATED_OBJC_IMPLEMENTATIONS = YES;
				CLANG_WARN_DIRECT_OBJC_ISA_USAGE = YES_ERROR;
				CLANG_WARN_DOCUMENTATION_COMMENTS = YES;
				CLANG_WARN_EMPTY_BODY = YES;
				CLANG_WARN_ENUM_CONVERSION = YES;
				CLANG_WARN_INFINITE_RECURSION = YES;
				CLANG_WARN_INT_CONVERSION = YES;
				CLANG_WARN_NON_LITERAL_NULL_CONVERSION = YES;
				CLANG_WARN_OBJC_IMPLICIT_RETAIN_SELF = YES;
				CLANG_WARN_OBJC_LITERAL_CONVERSION = YES;
				CLANG_WARN_OBJC_ROOT_CLASS = YES_ERROR;
				CLANG_WARN_QUOTED_INCLUDE_IN_FRAMEWORK_HEADER = YES;
				CLANG_WARN_RANGE_LOOP_ANALYSIS = YES;
				CLANG_WARN_STRICT_PROTOTYPES = YES;
				CLANG_WARN_SUSPICIOUS_MOVE = YES;
				CLANG_WARN_UNGUARDED_AVAILABILITY = YES_AGGRESSIVE;
				CLANG_WARN_UNREACHABLE_CODE = YES;
				CLANG_WARN__DUPLICATE_METHOD_MATCH = YES;
				COPY_PHASE_STRIP = NO;
				DEBUG_INFORMATION_FORMAT = "dwarf-with-dsym";
				ENABLE_NS_ASSERTIONS = NO;
				ENABLE_STRICT_OBJC_MSGSEND = YES;
				ENABLE_USER_SCRIPT_SANDBOXING = NO;
				GCC_C_LANGUAGE_STANDARD = gnu17;
				GCC_NO_COMMON_BLOCKS = YES;
				GCC_WARN_64_TO_32_BIT_CONVERSION = YES;
				GCC_WARN_ABOUT_RETURN_TYPE = YES_ERROR;
				GCC_WARN_UNDECLARED_SELECTOR = YES;
				GCC_WARN_UNINITIALIZED_AUTOS = YES_AGGRESSIVE;
				GCC_WARN_UNUSED_FUNCTION = YES;
				GCC_WARN_UNUSED_VARIABLE = YES;
				IPHONEOS_DEPLOYMENT_TARGET = 17.0;
				LOCALIZATION_PREFERS_STRING_CATALOGS = YES;
				MTL_ENABLE_DEBUG_INFO = NO;
				MTL_FAST_MATH = YES;
				SDKROOT = iphoneos;
				SWIFT_COMPILATION_MODE = wholemodule;
				VALIDATE_PRODUCT = YES;
			};
			name = Release;
		};
		D2132A142AD4332100FB0634 /* Debug */ = {
			isa = XCBuildConfiguration;
			buildSettings = {
				ASSETCATALOG_COMPILER_APPICON_NAME = AppIcon;
				ASSETCATALOG_COMPILER_GLOBAL_ACCENT_COLOR_NAME = AccentColor;
				CODE_SIGN_STYLE = Automatic;
				CURRENT_PROJECT_VERSION = 1;
				DEVELOPMENT_TEAM = WWXFNS83RA;
				GENERATE_INFOPLIST_FILE = YES;
				INFOPLIST_FILE = ReadForU/Info.plist;
				INFOPLIST_KEY_UIApplicationSupportsIndirectInputEvents = YES;
				INFOPLIST_KEY_UILaunchStoryboardName = LaunchScreen;
				INFOPLIST_KEY_UISupportedInterfaceOrientations_iPad = "UIInterfaceOrientationPortrait UIInterfaceOrientationPortraitUpsideDown UIInterfaceOrientationLandscapeLeft UIInterfaceOrientationLandscapeRight";
				INFOPLIST_KEY_UISupportedInterfaceOrientations_iPhone = "UIInterfaceOrientationPortrait UIInterfaceOrientationLandscapeLeft UIInterfaceOrientationLandscapeRight";
				LD_RUNPATH_SEARCH_PATHS = (
					"$(inherited)",
					"@executable_path/Frameworks",
				);
				MARKETING_VERSION = 1.0;
				PRODUCT_BUNDLE_IDENTIFIER = sha.ReadForU;
				PRODUCT_NAME = "$(TARGET_NAME)";
				SUPPORTED_PLATFORMS = "iphoneos iphonesimulator";
				SUPPORTS_MACCATALYST = NO;
				SUPPORTS_MAC_DESIGNED_FOR_IPHONE_IPAD = NO;
				SWIFT_EMIT_LOC_STRINGS = YES;
				SWIFT_VERSION = 5.0;
				TARGETED_DEVICE_FAMILY = "1,2";
			};
			name = Debug;
		};
		D2132A152AD4332100FB0634 /* Release */ = {
			isa = XCBuildConfiguration;
			buildSettings = {
				ASSETCATALOG_COMPILER_APPICON_NAME = AppIcon;
				ASSETCATALOG_COMPILER_GLOBAL_ACCENT_COLOR_NAME = AccentColor;
				CODE_SIGN_STYLE = Automatic;
				CURRENT_PROJECT_VERSION = 1;
				DEVELOPMENT_TEAM = WWXFNS83RA;
				GENERATE_INFOPLIST_FILE = YES;
				INFOPLIST_FILE = ReadForU/Info.plist;
				INFOPLIST_KEY_UIApplicationSupportsIndirectInputEvents = YES;
				INFOPLIST_KEY_UILaunchStoryboardName = LaunchScreen;
				INFOPLIST_KEY_UISupportedInterfaceOrientations_iPad = "UIInterfaceOrientationPortrait UIInterfaceOrientationPortraitUpsideDown UIInterfaceOrientationLandscapeLeft UIInterfaceOrientationLandscapeRight";
				INFOPLIST_KEY_UISupportedInterfaceOrientations_iPhone = "UIInterfaceOrientationPortrait UIInterfaceOrientationLandscapeLeft UIInterfaceOrientationLandscapeRight";
				LD_RUNPATH_SEARCH_PATHS = (
					"$(inherited)",
					"@executable_path/Frameworks",
				);
				MARKETING_VERSION = 1.0;
				PRODUCT_BUNDLE_IDENTIFIER = sha.ReadForU;
				PRODUCT_NAME = "$(TARGET_NAME)";
				SUPPORTED_PLATFORMS = "iphoneos iphonesimulator";
				SUPPORTS_MACCATALYST = NO;
				SUPPORTS_MAC_DESIGNED_FOR_IPHONE_IPAD = NO;
				SWIFT_EMIT_LOC_STRINGS = YES;
				SWIFT_VERSION = 5.0;
				TARGETED_DEVICE_FAMILY = "1,2";
			};
			name = Release;
		};
/* End XCBuildConfiguration section */

/* Begin XCConfigurationList section */
		D21329FA2AD4331F00FB0634 /* Build configuration list for PBXProject "ReadForU" */ = {
			isa = XCConfigurationList;
			buildConfigurations = (
				D2132A112AD4332100FB0634 /* Debug */,
				D2132A122AD4332100FB0634 /* Release */,
			);
			defaultConfigurationIsVisible = 0;
			defaultConfigurationName = Release;
		};
		D2132A132AD4332100FB0634 /* Build configuration list for PBXNativeTarget "ReadForU" */ = {
			isa = XCConfigurationList;
			buildConfigurations = (
				D2132A142AD4332100FB0634 /* Debug */,
				D2132A152AD4332100FB0634 /* Release */,
			);
			defaultConfigurationIsVisible = 0;
			defaultConfigurationName = Release;
		};
/* End XCConfigurationList section */

/* Begin XCRemoteSwiftPackageReference section */
		D23DF5132ADF81EA00E148C0 /* XCRemoteSwiftPackageReference "Gifu" */ = {
			isa = XCRemoteSwiftPackageReference;
			repositoryURL = "https://github.com/kaishin/Gifu.git";
			requirement = {
				branch = main;
				kind = branch;
			};
		};
/* End XCRemoteSwiftPackageReference section */

/* Begin XCSwiftPackageProductDependency section */
		D23DF5142ADF81EA00E148C0 /* Gifu */ = {
			isa = XCSwiftPackageProductDependency;
			package = D23DF5132ADF81EA00E148C0 /* XCRemoteSwiftPackageReference "Gifu" */;
			productName = Gifu;
		};
/* End XCSwiftPackageProductDependency section */
	};
	rootObject = D21329F72AD4331F00FB0634 /* Project object */;
}
